<?xml version="1.0" encoding="UTF-8" standalone="yes" ?>
<CodeBlocks_project_file>
	<FileVersion major="1" minor="6" />
	<Project>
		<Option title="AshKiller" />
		<Option pch_mode="2" />
		<Option compiler="gcc" />
		<Build>
			<Target title="Debug">
				<Option output="bin/Debug/AshKiller" prefix_auto="1" extension_auto="1" />
				<Option object_output="obj/Debug/" />
				<Option type="1" />
				<Option compiler="gcc" />
				<Compiler>
					<Add option="-std=c++14" />
					<Add option="-g" />
					<Add option="-DSFML_STATIC" />
					<Add directory="SFML/include" />
				</Compiler>
				<Linker>
					<Add directory="SFML/lib" />
				</Linker>
			</Target>
			<Target title="Release">
				<Option output="bin/Release/AshKiller" prefix_auto="1" extension_auto="1" />
				<Option object_output="obj/Release/" />
				<Option type="1" />
				<Option compiler="gcc" />
				<Compiler>
					<Add option="-O2" />
					<Add option="-std=c++14" />
				</Compiler>
				<Linker>
					<Add option="-s" />
				</Linker>
			</Target>
		</Build>
		<Compiler>
			<Add option="-Wall" />
			<Add option="-std=c++14" />
			<Add option="-fexceptions" />
			<Add option="-DSFML_STATIC" />
			<Add directory="SFML/include" />
		</Compiler>
		<Linker>
			<Add library="sfml-graphics" />
			<Add library="sfml-system" />
			<Add library="sfml-window" />
			<Add directory="SFML/lib" />
		</Linker>
		<Unit filename="Animation.h" />
		<Unit filename="Bullet.cpp" />
		<Unit filename="Bullet.h" />
		<Unit filename="Character.cpp" />
		<Unit filename="Element.h" />
		<Unit filename="Math.cpp" />
		<Unit filename="Math.h" />
		<Unit filename="Menu.h" />
		<Unit filename="Player.cpp" />
		<Unit filename="Player.h" />
		<Unit filename="RegistroPuntaje.h" />
		<Unit filename="Skeleton.cpp" />
		<Unit filename="Skeleton.h" />
		<Unit filename="Textbox.h" />
		<Unit filename="TileMap.h" />
		<Unit filename="main.cpp" />
		<Extensions />
	</Project>
</CodeBlocks_project_file>
